
Microsoft Visual Studio Solution File, Format Version 12.00
# Visual Studio Version 17
VisualStudioVersion = 17.0.31912.275
MinimumVisualStudioVersion = 10.0.40219.1
Project("{FAE04EC0-301F-11D3-BF4B-00C04F79EFBC}") = "AR.BackgroundJobs", "AR.BackgroundJobs\AR.BackgroundJobs.csproj", "{DB22EC0F-13A8-42A8-B28D-1E360661F2C6}"
EndProject
Global
	GlobalSection(SolutionConfigurationPlatforms) = preSolution
		Debug|Any CPU = Debug|Any CPU
		Release|Any CPU = Release|Any CPU
	EndGlobalSection
	GlobalSection(ProjectConfigurationPlatforms) = postSolution
		{DB22EC0F-13A8-42A8-B28D-1E360661F2C6}.Debug|Any CPU.ActiveCfg = Debug|Any CPU
		{DB22EC0F-13A8-42A8-B28D-1E360661F2C6}.Debug|Any CPU.Build.0 = Debug|Any CPU
		{DB22EC0F-13A8-42A8-B28D-1E360661F2C6}.Release|Any CPU.ActiveCfg = Release|Any CPU
		{DB22EC0F-13A8-42A8-B28D-1E360661F2C6}.Release|Any CPU.Build.0 = Release|Any CPU
	EndGlobalSection
	GlobalSection(SolutionProperties) = preSolution
		HideSolutionNode = FALSE
	EndGlobalSection
	GlobalSection(ExtensibilityGlobals) = postSolution
		SolutionGuid = {4D0DF66F-F2E1-4C48-BC89-5A72F23F3198}
	EndGlobalSection
EndGlobal
